<?xml version="1.0" encoding="utf-8"?>
<Project ToolsVersion="4.0" xmlns="http://schemas.microsoft.com/developer/msbuild/2003">
  <ItemGroup>
    <FxCompile Include="Shaders\DeferredCS.hlsl" />
    <FxCompile Include="Shaders\OpaqueVS.hlsl" />
    <FxCompile Include="Shaders\OpaquePS.hlsl" />
  </ItemGroup>
  <ItemGroup>
    <ClCompile Include="Components\CameraComponent.cpp" />
    <ClCompile Include="Components\Component.cpp" />
    <ClCompile Include="Components\RenderingComponent.cpp" />
    <ClCompile Include="Components\TransformComponent.cpp" />
    <ClCompile Include="Engine.cpp" />
    <ClCompile Include="Entity.cpp" />
    <ClCompile Include="Graphics\DirectXDrawing.cpp" />
    <ClCompile Include="Graphics\DirectXGraphicEngine.cpp" />
    <ClCompile Include="Graphics\DirectXInitialize.cpp" />
    <ClCompile Include="Graphics\DirectXResourceCreation.cpp" />
    <ClCompile Include="Graphics\DirectXUtility.cpp" />
    <ClCompile Include="Graphics\GraphicEngineInterface.cpp" />
    <ClCompile Include="Graphics\ShaderLoader.cpp" />
    <ClCompile Include="Graphics\TextureLoaderDDS.cpp" />
    <ClCompile Include="IO\Stream.cpp" />
    <ClCompile Include="IO\StreamFile.cpp" />
    <ClCompile Include="Matrix\DirectXTransformLibrary.cpp" />
    <ClCompile Include="Matrix\MatrixLibraryInterface.cpp" />
    <ClCompile Include="Systems\InputSystem.cpp" />
    <ClCompile Include="Systems\RenderingSystem.cpp" />
    <ClCompile Include="Systems\System.cpp" />
    <ClCompile Include="Systems\TransformSystem.cpp" />
    <ClCompile Include="Utility\Logger.cpp" />
    <ClCompile Include="Importers\ObjectImporter.cpp" />
  </ItemGroup>
  <ItemGroup>
    <ClInclude Include="Components\CameraComponent.h" />
    <ClInclude Include="Components\Component.h" />
    <ClInclude Include="Components\RenderingComponent.h" />
    <ClInclude Include="Components\TransformComponent.h" />
    <ClInclude Include="Entity.h" />
    <ClInclude Include="Graphics\DirectXGraphicEngine.h" />
    <ClInclude Include="Graphics\GraphicEngineInterface.h" />
    <ClInclude Include="Graphics\GraphicToolbox.h" />
    <ClInclude Include="Graphics\ShaderLoader.h" />
    <ClInclude Include="Graphics\TextureLoaderDDS.h" />
    <ClInclude Include="IO\Serializable.h" />
    <ClInclude Include="IO\Stream.h" />
    <ClInclude Include="IO\StreamFile.h" />
    <ClInclude Include="Matrix\DirectXMatrixLibrary.h" />
    <ClInclude Include="Matrix\MatrixLibraryInterface.h" />
    <ClInclude Include="Matrix\MatrixToolbox.h" />
    <ClInclude Include="Model.h" />
    <ClInclude Include="Systems\InputSystem.h" />
    <ClInclude Include="Systems\RenderingSystem.h" />
    <ClInclude Include="Systems\System.h" />
    <ClInclude Include="Systems\TransformSystem.h" />
    <ClInclude Include="Utility\Logger.h" />
    <ClInclude Include="Importers\ObjectImporter.h" />
  </ItemGroup>
  <ItemGroup>
    <Image Include="..\Debug\TestIcon2.bmp" />
  </ItemGroup>
</Project>