<?xml version="1.0" encoding="utf-8"?>
<Project ToolsVersion="4.0" xmlns="http://schemas.microsoft.com/developer/msbuild/2003">
  <ItemGroup>
    <Filter Include="Source Files">
      <UniqueIdentifier>{4FC737F1-C7A5-4376-A066-2A32D752A2FF}</UniqueIdentifier>
      <Extensions>cpp;c;cc;cxx;def;odl;idl;hpj;bat;asm;asmx</Extensions>
    </Filter>
    <Filter Include="Header Files">
      <UniqueIdentifier>{93995380-89BD-4b04-88EB-625FBE52EBFB}</UniqueIdentifier>
      <Extensions>h;hh;hpp;hxx;hm;inl;inc;xsd</Extensions>
    </Filter>
    <Filter Include="Resource Files">
      <UniqueIdentifier>{67DA6AB6-F800-4c08-8B7A-83BB121AAD01}</UniqueIdentifier>
      <Extensions>rc;ico;cur;bmp;dlg;rc2;rct;bin;rgs;gif;jpg;jpeg;jpe;resx;tiff;tif;png;wav;mfcribbon-ms</Extensions>
    </Filter>
    <Filter Include="Source Files\Components">
      <UniqueIdentifier>{5f05a550-cacb-4064-b1f9-d3cad6cd2546}</UniqueIdentifier>
    </Filter>
    <Filter Include="Header Files\Components">
      <UniqueIdentifier>{a9d62078-562f-4025-8f89-20066f1c728e}</UniqueIdentifier>
    </Filter>
    <Filter Include="Source Files\Systems">
      <UniqueIdentifier>{09e667c3-e26d-4878-8984-06368d15b361}</UniqueIdentifier>
    </Filter>
    <Filter Include="Header Files\Systems">
      <UniqueIdentifier>{17c35cba-6f77-4336-8121-ce545de38437}</UniqueIdentifier>
    </Filter>
    <Filter Include="Header Files\Factorys">
      <UniqueIdentifier>{875b5a56-fd0d-4b9a-831c-851de174171b}</UniqueIdentifier>
    </Filter>
    <Filter Include="Source Files\Factorys">
      <UniqueIdentifier>{3ef0191e-b403-4d58-a9b4-39106822cace}</UniqueIdentifier>
    </Filter>
    <Filter Include="Source Files\Graphic">
      <UniqueIdentifier>{e3571b57-3b48-4a08-af02-ec6d2d89f448}</UniqueIdentifier>
    </Filter>
    <Filter Include="Header Files\Graphic">
      <UniqueIdentifier>{c97674a1-2bde-4daa-9996-cea3582d4af2}</UniqueIdentifier>
    </Filter>
    <Filter Include="Header Files\InOut">
      <UniqueIdentifier>{e664edfb-78b5-4ceb-868e-f723bd46afa8}</UniqueIdentifier>
    </Filter>
    <Filter Include="Source Files\InOut">
      <UniqueIdentifier>{4aa28428-8f5d-48af-b681-51a464db938a}</UniqueIdentifier>
    </Filter>
    <Filter Include="Header Files\ResourceManagement">
      <UniqueIdentifier>{0762aadf-d3dc-42ef-838d-f57a68e746bd}</UniqueIdentifier>
    </Filter>
    <Filter Include="Source Files\ResourceManagement">
      <UniqueIdentifier>{5db4d025-506a-400a-a0ca-ef6d9b2acda0}</UniqueIdentifier>
    </Filter>
    <Filter Include="Graphics">
      <UniqueIdentifier>{8778e790-ca03-479e-ba30-f19b740cf0f8}</UniqueIdentifier>
    </Filter>
    <Filter Include="Graphics\Objs">
      <UniqueIdentifier>{ddb39a0f-a3d0-47fa-8236-885123f0fbd7}</UniqueIdentifier>
    </Filter>
    <Filter Include="Shaders">
      <UniqueIdentifier>{06adf8bd-d87b-42be-bd53-d8349a451a77}</UniqueIdentifier>
    </Filter>
    <Filter Include="Shaders\Test Shaders Not Deferred">
      <UniqueIdentifier>{39a2037c-ce6a-41cb-9d9f-5ba920ad0327}</UniqueIdentifier>
    </Filter>
    <Filter Include="Source Files\Graphic\Primitives">
      <UniqueIdentifier>{4b0e04a8-6238-4751-8f7d-34db0927c5c4}</UniqueIdentifier>
    </Filter>
    <Filter Include="Header Files\Graphic\Primitives">
      <UniqueIdentifier>{f5fdf336-ed33-47cd-bdcc-ad789fe7f4bc}</UniqueIdentifier>
    </Filter>
    <Filter Include="Graphics\Textures">
      <UniqueIdentifier>{011f6e6a-63fe-43fe-a2c1-fc098e7a7dd9}</UniqueIdentifier>
    </Filter>
  </ItemGroup>
  <ItemGroup>
    <ClCompile Include="Main.cpp">
      <Filter>Source Files</Filter>
    </ClCompile>
    <ClCompile Include="Entity.cpp">
      <Filter>Source Files</Filter>
    </ClCompile>
    <ClCompile Include="Math.cpp">
      <Filter>Source Files</Filter>
    </ClCompile>
    <ClCompile Include="GameEngine.cpp">
      <Filter>Source Files</Filter>
    </ClCompile>
    <ClCompile Include="Component.cpp">
      <Filter>Source Files\Components</Filter>
    </ClCompile>
    <ClCompile Include="TransformComponent.cpp">
      <Filter>Source Files\Components</Filter>
    </ClCompile>
    <ClCompile Include="RenderComponent.cpp">
      <Filter>Source Files\Components</Filter>
    </ClCompile>
    <ClCompile Include="System.cpp">
      <Filter>Source Files\Systems</Filter>
    </ClCompile>
    <ClCompile Include="RenderingSystem.cpp">
      <Filter>Source Files\Systems</Filter>
    </ClCompile>
    <ClCompile Include="Renderer.cpp">
      <Filter>Source Files\Graphic</Filter>
    </ClCompile>
    <ClCompile Include="Mesh.cpp">
      <Filter>Source Files\Graphic</Filter>
    </ClCompile>
    <ClCompile Include="StreamFile.cpp">
      <Filter>Source Files\InOut</Filter>
    </ClCompile>
    <ClCompile Include="LoadObj.cpp">
      <Filter>Source Files\InOut</Filter>
    </ClCompile>
    <ClCompile Include="Stream.cpp">
      <Filter>Source Files\InOut</Filter>
    </ClCompile>
    <ClCompile Include="ExtensibleGameFactory.cpp">
      <Filter>Source Files\Factorys</Filter>
    </ClCompile>
    <ClCompile Include="AdressTranslator.cpp">
      <Filter>Source Files\InOut</Filter>
    </ClCompile>
    <ClCompile Include="ResourceManager.cpp">
      <Filter>Source Files\ResourceManagement</Filter>
    </ClCompile>
    <ClCompile Include="Resource.cpp">
      <Filter>Source Files\ResourceManagement</Filter>
    </ClCompile>
    <ClCompile Include="MeshResourceLoadSave.cpp">
      <Filter>Source Files\ResourceManagement</Filter>
    </ClCompile>
    <ClCompile Include="InputSystem.cpp">
      <Filter>Source Files\Systems</Filter>
    </ClCompile>
    <ClCompile Include="InputComponent.cpp">
      <Filter>Source Files\Components</Filter>
    </ClCompile>
    <ClCompile Include="Material.cpp">
      <Filter>Source Files</Filter>
    </ClCompile>
    <ClCompile Include="TextureResourceLoadSave.cpp">
      <Filter>Source Files\ResourceManagement</Filter>
    </ClCompile>
    <ClCompile Include="Texture.cpp">
      <Filter>Source Files\Graphic</Filter>
    </ClCompile>
    <ClCompile Include="MaterialResourceLoadSave.cpp">
      <Filter>Source Files\ResourceManagement</Filter>
    </ClCompile>
    <ClCompile Include="ShaderLoader.cpp">
      <Filter>Source Files</Filter>
    </ClCompile>
    <ClCompile Include="CameraComponent.cpp">
      <Filter>Source Files\Components</Filter>
    </ClCompile>
    <ClCompile Include="Editor.cpp">
      <Filter>Source Files</Filter>
    </ClCompile>
    <ClCompile Include="Import.cpp">
      <Filter>Source Files</Filter>
    </ClCompile>
    <ClCompile Include="CameraSystem.cpp">
      <Filter>Source Files\Systems</Filter>
    </ClCompile>
    <ClCompile Include="Time.cpp">
      <Filter>Source Files</Filter>
    </ClCompile>
    <ClCompile Include="DDSTextureLoader.cpp">
      <Filter>Source Files</Filter>
    </ClCompile>
    <ClCompile Include="Rectangles.cpp">
      <Filter>Source Files\Graphic\Primitives</Filter>
    </ClCompile>
  </ItemGroup>
  <ItemGroup>
    <ClInclude Include="Entity.h">
      <Filter>Header Files</Filter>
    </ClInclude>
    <ClInclude Include="Math.h">
      <Filter>Header Files</Filter>
    </ClInclude>
    <ClInclude Include="GameEngine.h">
      <Filter>Header Files</Filter>
    </ClInclude>
    <ClInclude Include="Component.h">
      <Filter>Header Files\Components</Filter>
    </ClInclude>
    <ClInclude Include="RenderComponent.h">
      <Filter>Header Files\Components</Filter>
    </ClInclude>
    <ClInclude Include="TransformComponent.h">
      <Filter>Header Files\Components</Filter>
    </ClInclude>
    <ClInclude Include="RenderingSystem.h">
      <Filter>Header Files\Systems</Filter>
    </ClInclude>
    <ClInclude Include="System.h">
      <Filter>Header Files\Systems</Filter>
    </ClInclude>
    <ClInclude Include="Renderer.h">
      <Filter>Header Files\Graphic</Filter>
    </ClInclude>
    <ClInclude Include="Mesh.h">
      <Filter>Header Files\Graphic</Filter>
    </ClInclude>
    <ClInclude Include="Serializable.h">
      <Filter>Header Files\InOut</Filter>
    </ClInclude>
    <ClInclude Include="StreamFile.h">
      <Filter>Header Files\InOut</Filter>
    </ClInclude>
    <ClInclude Include="Stream.h">
      <Filter>Header Files\InOut</Filter>
    </ClInclude>
    <ClInclude Include="LoadObj.h">
      <Filter>Header Files\InOut</Filter>
    </ClInclude>
    <ClInclude Include="ExtensibleGameFactory.h">
      <Filter>Header Files\Factorys</Filter>
    </ClInclude>
    <ClInclude Include="AdressTranslator.h">
      <Filter>Header Files\InOut</Filter>
    </ClInclude>
    <ClInclude Include="ResourceManager.h">
      <Filter>Header Files\ResourceManagement</Filter>
    </ClInclude>
    <ClInclude Include="ResourceLoadSave.h">
      <Filter>Header Files\ResourceManagement</Filter>
    </ClInclude>
    <ClInclude Include="Resource.h">
      <Filter>Header Files\ResourceManagement</Filter>
    </ClInclude>
    <ClInclude Include="MeshResourceLoadSave.h">
      <Filter>Header Files\ResourceManagement</Filter>
    </ClInclude>
    <ClInclude Include="InputSystem.h">
      <Filter>Header Files\Systems</Filter>
    </ClInclude>
    <ClInclude Include="InputComponent.h">
      <Filter>Header Files\Components</Filter>
    </ClInclude>
    <ClInclude Include="TextureResourceLoadSave.h">
      <Filter>Header Files\ResourceManagement</Filter>
    </ClInclude>
    <ClInclude Include="Texture.h">
      <Filter>Header Files\Graphic</Filter>
    </ClInclude>
    <ClInclude Include="Material.h">
      <Filter>Header Files\Graphic</Filter>
    </ClInclude>
    <ClInclude Include="MaterialResourceLoadSave.h">
      <Filter>Header Files\ResourceManagement</Filter>
    </ClInclude>
    <ClInclude Include="ShaderLoader.h">
      <Filter>Header Files</Filter>
    </ClInclude>
    <ClInclude Include="CameraComponent.h">
      <Filter>Header Files\Components</Filter>
    </ClInclude>
    <ClInclude Include="Editor.h">
      <Filter>Header Files</Filter>
    </ClInclude>
    <ClInclude Include="Import.h">
      <Filter>Header Files</Filter>
    </ClInclude>
    <ClInclude Include="CameraSystem.h">
      <Filter>Header Files\Systems</Filter>
    </ClInclude>
    <ClInclude Include="Time.h">
      <Filter>Header Files</Filter>
    </ClInclude>
    <ClInclude Include="DDSTextureLoader.h">
      <Filter>Header Files</Filter>
    </ClInclude>
    <ClInclude Include="Rectangles.h">
      <Filter>Header Files\Graphic\Primitives</Filter>
    </ClInclude>
  </ItemGroup>
  <ItemGroup>
    <None Include="Graphics\Objs\testFile.mtl">
      <Filter>Graphics\Objs</Filter>
    </None>
    <None Include="Graphics\Objs\SoccerBall.mtl">
      <Filter>Graphics\Objs</Filter>
    </None>
  </ItemGroup>
  <ItemGroup>
    <Object Include="Graphics\Objs\testFile.obj">
      <Filter>Graphics\Objs</Filter>
    </Object>
    <Object Include="Graphics\Objs\SoccerBall.obj">
      <Filter>Graphics\Objs</Filter>
    </Object>
  </ItemGroup>
  <ItemGroup>
    <FxCompile Include="VertexShader.hlsl">
      <Filter>Shaders\Test Shaders Not Deferred</Filter>
    </FxCompile>
    <FxCompile Include="PixelShader.hlsl">
      <Filter>Shaders\Test Shaders Not Deferred</Filter>
    </FxCompile>
  </ItemGroup>
  <ItemGroup>
    <Image Include="Graphics\Textures\COL.dds">
      <Filter>Graphics\Textures</Filter>
    </Image>
    <Image Include="Graphics\Textures\NRM.dds">
      <Filter>Graphics\Textures</Filter>
    </Image>
  </ItemGroup>
</Project>